
Microsoft Visual Studio Solution File, Format Version 12.00
# Visual Studio Version 16
VisualStudioVersion = 16.0.29926.136
MinimumVisualStudioVersion = 10.0.40219.1
Project("{FAE04EC0-301F-11D3-BF4B-00C04F79EFBC}") = "Hola Mundo", "Hola Mundo\Hola Mundo.csproj", "{6520A8DA-9579-4C5C-B12E-D5BBE742AAC3}"
EndProject
Global
	GlobalSection(SolutionConfigurationPlatforms) = preSolution
		Debug|Any CPU = Debug|Any CPU
		Release|Any CPU = Release|Any CPU
	EndGlobalSection
	GlobalSection(ProjectConfigurationPlatforms) = postSolution
		{6520A8DA-9579-4C5C-B12E-D5BBE742AAC3}.Debug|Any CPU.ActiveCfg = Debug|Any CPU
		{6520A8DA-9579-4C5C-B12E-D5BBE742AAC3}.Debug|Any CPU.Build.0 = Debug|Any CPU
		{6520A8DA-9579-4C5C-B12E-D5BBE742AAC3}.Release|Any CPU.ActiveCfg = Release|Any CPU
		{6520A8DA-9579-4C5C-B12E-D5BBE742AAC3}.Release|Any CPU.Build.0 = Release|Any CPU
	EndGlobalSection
	GlobalSection(SolutionProperties) = preSolution
		HideSolutionNode = FALSE
	EndGlobalSection
	GlobalSection(ExtensibilityGlobals) = postSolution
		SolutionGuid = {F99299C5-0FC9-4256-84B6-1AA9660B8175}
	EndGlobalSection
EndGlobal
